{
    "_readme": [
        "This file locks the dependencies of your project to a known state",
        "Read more about it at https://getcomposer.org/doc/01-basic-usage.md#composer-lock-the-lock-file",
        "This file is @generated automatically"
    ],
    "content-hash": "d55cd4340f7df343a67f4804632a2cc5",
    "packages": [
        {
            "name": "ffan/php-dop",
            "version": "2.0.1",
            "source": {
                "type": "git",
                "url": "http://gitlab.ffan.biz/dop/php.git",
                "reference": "9aa852dc05769967569ad0c002f9d294325d1747"
            },
            "dist": {
                "type": "zip",
                "url": "http://composer.intra.ffan.com/repo/private/dists/ffan/php-dop/2.0.1.0/9aa852dc05769967569ad0c002f9d294325d1747.zip",
                "reference": "9aa852dc05769967569ad0c002f9d294325d1747",
                "shasum": null,
                "mirrors": [
                    {
                        "url": "http://composer.intra.ffan.com/repo/private/dists/%package%/%version%/%reference%.%type%",
                        "preferred": true
                    }
                ]
            },
            "require": {
                "ffan/std-common": "2.*",
                "php": ">=5.5.0"
            },
            "type": "composer",
            "autoload": {
                "psr-4": {
                    "FFan\\Dop\\": "src"
                }
            },
            "authors": [
                {
                    "name": "huangshunzhao",
                    "email": "huangshunzhao@wanda.cn",
                    "role": "Founder and project lead"
                }
            ],
            "description": "FFan dop php common files",
            "keywords": [
                "dop",
                "ffan",
                "php"
            ],
            "time": "2017-09-21T05:54:23+00:00"
        },
        {
            "name": "ffan/std-async",
            "version": "1.0.1",
            "source": {
                "type": "git",
                "url": "http://gitlab.ffan.biz/php/async.git",
                "reference": "76f3c270f3d9ab94f2eab7751ee433d31b891ac9"
            },
            "dist": {
                "type": "zip",
                "url": "http://composer.intra.ffan.com/repo/private/dists/ffan/std-async/1.0.1.0/76f3c270f3d9ab94f2eab7751ee433d31b891ac9.zip",
                "reference": "76f3c270f3d9ab94f2eab7751ee433d31b891ac9",
                "shasum": null,
                "mirrors": [
                    {
                        "url": "http://composer.intra.ffan.com/repo/private/dists/%package%/%version%/%reference%.%type%",
                        "preferred": true
                    }
                ]
            },
            "archive": {
                "exclude": [
                    "test",
                    ".gitignore"
                ]
            },
            "require": {
                "ffan/std-event": "2.*",
                "ffan/std-logger": "1.*",
                "php": ">=5.5.0"
            },
            "type": "composer",
            "autoload": {
                "psr-4": {
                    "FFan\\Std\\Async\\": "src"
                }
            },
            "authors": [
                {
                    "name": "huangshunzhao",
                    "email": "huangshunzhao@wanda.cn",
                    "role": "Founder and project lead"
                }
            ],
            "description": "FFan php async components",
            "keywords": [
                "async",
                "ffan",
                "php"
            ],
            "time": "2017-09-06T06:28:50+00:00"
        },
        {
            "name": "ffan/std-cache",
            "version": "2.0.0",
            "source": {
                "type": "git",
                "url": "http://gitlab.ffan.biz/php/ffan-cache.git",
                "reference": "30f5dc6f5ce026f71e7193394466ec35ef8d534f"
            },
            "dist": {
                "type": "zip",
                "url": "http://composer.intra.ffan.com/repo/private/dists/ffan/std-cache/2.0.0.0/30f5dc6f5ce026f71e7193394466ec35ef8d534f.zip",
                "reference": "30f5dc6f5ce026f71e7193394466ec35ef8d534f",
                "shasum": null,
                "mirrors": [
                    {
                        "url": "http://composer.intra.ffan.com/repo/private/dists/%package%/%version%/%reference%.%type%",
                        "preferred": true
                    }
                ]
            },
            "archive": {
                "exclude": [
                    "test",
                    ".gitignore"
                ]
            },
            "require": {
                "ffan/std-common": "2.*",
                "ffan/std-console": "1.*",
                "ffan/std-event": "2.*",
                "ffan/std-logger": "1.*",
                "php": ">=5.5.0"
            },
            "type": "composer",
            "autoload": {
                "psr-4": {
                    "FFan\\Std\\Cache\\": "src"
                }
            },
            "authors": [
                {
                    "name": "huangshunzhao",
                    "email": "huangshunzhao@wanda.cn",
                    "role": "Founder"
                }
            ],
            "description": "FFan cache",
            "keywords": [
                "cache",
                "ffan",
                "std"
            ],
            "time": "2017-11-28T12:12:22+00:00"
        },
        {
            "name": "ffan/std-common",
            "version": "2.0.8",
            "source": {
                "type": "git",
                "url": "http://gitlab.ffan.biz/php/ffan-utils.git",
                "reference": "0db50c6039040f481d6d389fa17335435698031c"
            },
            "dist": {
                "type": "zip",
                "url": "http://composer.intra.ffan.com/repo/private/dists/ffan/std-common/2.0.8.0/0db50c6039040f481d6d389fa17335435698031c.zip",
                "reference": "0db50c6039040f481d6d389fa17335435698031c",
                "shasum": null,
                "mirrors": [
                    {
                        "url": "http://composer.intra.ffan.com/repo/private/dists/%package%/%version%/%reference%.%type%",
                        "preferred": true
                    }
                ]
            },
            "archive": {
                "exclude": [
                    "test",
                    ".gitignore"
                ]
            },
            "require": {
                "ext-mbstring": "*",
                "php": ">=5.5.0"
            },
            "type": "composer",
            "autoload": {
                "psr-4": {
                    "FFan\\Std\\Common\\": "src"
                }
            },
            "authors": [
                {
                    "name": "huangshunzhao",
                    "email": "huangshunzhao@wanda.cn",
                    "role": "Founder and project lead"
                }
            ],
            "description": "FFan php utils components",
            "keywords": [
                "ffan",
                "php",
                "utils"
            ],
            "time": "2017-11-28T05:46:59+00:00"
        },
        {
            "name": "ffan/std-console",
            "version": "1.1.0",
            "source": {
                "type": "git",
                "url": "http://gitlab.ffan.biz/php/console.git",
                "reference": "c60cc45d20925d11c93d8dec770d7f84eebcb514"
            },
            "dist": {
                "type": "zip",
                "url": "http://composer.intra.ffan.com/repo/private/dists/ffan/std-console/1.1.0.0/c60cc45d20925d11c93d8dec770d7f84eebcb514.zip",
                "reference": "c60cc45d20925d11c93d8dec770d7f84eebcb514",
                "shasum": null,
                "mirrors": [
                    {
                        "url": "http://composer.intra.ffan.com/repo/private/dists/%package%/%version%/%reference%.%type%",
                        "preferred": true
                    }
                ]
            },
            "archive": {
                "exclude": [
                    "test",
                    ".gitignore"
                ]
            },
            "require": {
                "ffan/std-common": "2.*",
                "ffan/std-event": "2.*",
                "ffan/std-logger": "1.*",
                "php": ">=5.5.0"
            },
            "type": "composer",
            "autoload": {
                "psr-4": {
                    "FFan\\Std\\Console\\": "src"
                },
                "files": [
                    "src/helper.php"
                ]
            },
            "authors": [
                {
                    "name": "huangshunzhao",
                    "email": "huangshunzhao@wanda.cn",
                    "role": "Founder"
                }
            ],
            "description": "FFan STD Console",
            "keywords": [
                "console",
                "ffan"
            ],
            "time": "2017-11-23T11:15:56+00:00"
        },
        {
            "name": "ffan/std-event",
            "version": "2.0.3",
            "source": {
                "type": "git",
                "url": "http://gitlab.ffan.biz/php/ffan-event.git",
                "reference": "dc029740332cc8b4995a252abe2dd75f608bfd85"
            },
            "dist": {
                "type": "zip",
                "url": "http://composer.intra.ffan.com/repo/private/dists/ffan/std-event/2.0.3.0/dc029740332cc8b4995a252abe2dd75f608bfd85.zip",
                "reference": "dc029740332cc8b4995a252abe2dd75f608bfd85",
                "shasum": null,
                "mirrors": [
                    {
                        "url": "http://composer.intra.ffan.com/repo/private/dists/%package%/%version%/%reference%.%type%",
                        "preferred": true
                    }
                ]
            },
            "archive": {
                "exclude": [
                    "test",
                    ".gitignore"
                ]
            },
            "require": {
                "php": ">=5.5.0"
            },
            "type": "composer",
            "autoload": {
                "psr-4": {
                    "FFan\\Std\\Event\\": "src"
                }
            },
            "authors": [
                {
                    "name": "huangshunzhao",
                    "email": "huangshunzhao@wanda.cn",
                    "role": "Founder"
                }
            ],
            "description": "FFan std event",
            "keywords": [
                "event",
                "ffan",
                "std"
            ],
            "time": "2017-11-23T05:50:52+00:00"
        },
        {
            "name": "ffan/std-http",
            "version": "1.0.14",
            "source": {
                "type": "git",
                "url": "http://gitlab.ffan.biz/php/ffan-http.git",
                "reference": "3da56bdcab43b9d844ba9ee1c268448403a44215"
            },
            "dist": {
                "type": "zip",
                "url": "http://composer.intra.ffan.com/repo/private/dists/ffan/std-http/1.0.14.0/3da56bdcab43b9d844ba9ee1c268448403a44215.zip",
                "reference": "3da56bdcab43b9d844ba9ee1c268448403a44215",
                "shasum": null,
                "mirrors": [
                    {
                        "url": "http://composer.intra.ffan.com/repo/private/dists/%package%/%version%/%reference%.%type%",
                        "preferred": true
                    }
                ]
            },
            "archive": {
                "exclude": [
                    "test",
                    ".gitignore"
                ]
            },
            "require": {
                "ffan/std-async": "1.*",
                "ffan/std-common": "2.*",
                "ffan/std-console": "1.*",
                "ffan/std-logger": "1.*",
                "php": ">=5.5.0"
            },
            "type": "composer",
            "autoload": {
                "psr-4": {
                    "FFan\\Std\\Http\\": "src/"
                }
            },
            "authors": [
                {
                    "name": "huangshunzhao",
                    "email": "huangshunzhao@wanda.cn",
                    "role": "Founder"
                }
            ],
            "description": "FFan http components",
            "keywords": [
                "ffan",
                "http",
                "php"
            ],
            "time": "2017-11-28T07:48:47+00:00"
        },
        {
            "name": "ffan/std-logger",
            "version": "1.0.8",
            "source": {
                "type": "git",
                "url": "http://gitlab.ffan.biz/php/logger.git",
                "reference": "9a027d2251dbf80073d1bcaa39341836d01a686e"
            },
            "dist": {
                "type": "zip",
                "url": "http://composer.intra.ffan.com/repo/private/dists/ffan/std-logger/1.0.8.0/9a027d2251dbf80073d1bcaa39341836d01a686e.zip",
                "reference": "9a027d2251dbf80073d1bcaa39341836d01a686e",
                "shasum": null,
                "mirrors": [
                    {
                        "url": "http://composer.intra.ffan.com/repo/private/dists/%package%/%version%/%reference%.%type%",
                        "preferred": true
                    }
                ]
            },
            "archive": {
                "exclude": [
                    "test",
                    ".gitignore"
                ]
            },
            "require": {
                "ffan/std-common": "2.*",
                "ffan/std-event": "2.*",
                "php": ">=5.5.0"
            },
            "type": "composer",
            "autoload": {
                "psr-4": {
                    "FFan\\Std\\Logger\\": "src"
                }
            },
            "authors": [
                {
                    "name": "huangshunzhao",
                    "email": "huangshunzhao@wanda.cn",
                    "role": "Founder"
                }
            ],
            "description": "FFan STD Logger",
            "keywords": [
                "ffan",
                "logger"
            ],
            "time": "2017-11-16T05:47:26+00:00"
        },
        {
            "name": "ffan/std-tpl",
            "version": "1.1.3",
            "source": {
                "type": "git",
                "url": "http://gitlab.ffan.biz/php/ffan-tpl.git",
                "reference": "945c2f64df619fe263509fc098d4198a954ec122"
            },
            "dist": {
                "type": "zip",
                "url": "http://composer.intra.ffan.com/repo/private/dists/ffan/std-tpl/1.1.3.0/945c2f64df619fe263509fc098d4198a954ec122.zip",
                "reference": "945c2f64df619fe263509fc098d4198a954ec122",
                "shasum": null,
                "mirrors": [
                    {
                        "url": "http://composer.intra.ffan.com/repo/private/dists/%package%/%version%/%reference%.%type%",
                        "preferred": true
                    }
                ]
            },
            "archive": {
                "exclude": [
                    "test",
                    ".gitignore"
                ]
            },
            "require": {
                "ffan/std-common": "2.*",
                "php": ">=5.5.0"
            },
            "type": "composer",
            "autoload": {
                "psr-4": {
                    "FFan\\Std\\Tpl\\": "src"
                }
            },
            "authors": [
                {
                    "name": "huangshunzhao",
                    "email": "huangshunzhao@wanda.cn",
                    "role": "Founder and project lead"
                }
            ],
            "description": "FFan tpl",
            "keywords": [
                "ffan",
                "php",
                "tpl"
            ],
            "time": "2017-11-29T04:35:30+00:00"
        }
    ],
    "packages-dev": [],
    "aliases": [],
    "minimum-stability": "stable",
    "stability-flags": [],
    "prefer-stable": false,
    "prefer-lowest": false,
    "platform": {
        "php": ">=5.6.0"
    },
    "platform-dev": []
}
